// !$*UTF8*$!
{
	archiveVersion = 1;
	classes = {
	};
	objectVersion = 55;
	objects = {

/* Begin PBXBuildFile section */
		C613C433283E0BE800BCFC82 /* FadeInOutView.swift in Sources */ = {isa = PBXBuildFile; fileRef = C613C432283E0BE800BCFC82 /* FadeInOutView.swift */; };
		C613C43D283E14AC00BCFC82 /* NotoSerifKR-Black.otf in Resources */ = {isa = PBXBuildFile; fileRef = C613C436283E12A400BCFC82 /* NotoSerifKR-Black.otf */; };
		C613C43E283E14AC00BCFC82 /* NotoSerifKR-Bold.otf in Resources */ = {isa = PBXBuildFile; fileRef = C613C43A283E12A400BCFC82 /* NotoSerifKR-Bold.otf */; };
		C613C43F283E14AC00BCFC82 /* NotoSerifKR-ExtraLight.otf in Resources */ = {isa = PBXBuildFile; fileRef = C613C43C283E12A400BCFC82 /* NotoSerifKR-ExtraLight.otf */; };
		C613C440283E14AC00BCFC82 /* NotoSerifKR-Light.otf in Resources */ = {isa = PBXBuildFile; fileRef = C613C439283E12A400BCFC82 /* NotoSerifKR-Light.otf */; };
		C613C441283E14AC00BCFC82 /* NotoSerifKR-Medium.otf in Resources */ = {isa = PBXBuildFile; fileRef = C613C438283E12A400BCFC82 /* NotoSerifKR-Medium.otf */; };
		C613C442283E14AC00BCFC82 /* NotoSerifKR-Regular.otf in Resources */ = {isa = PBXBuildFile; fileRef = C613C437283E12A400BCFC82 /* NotoSerifKR-Regular.otf */; };
		C613C443283E14AC00BCFC82 /* NotoSerifKR-SemiBold.otf in Resources */ = {isa = PBXBuildFile; fileRef = C613C43B283E12A400BCFC82 /* NotoSerifKR-SemiBold.otf */; };
		C613C446283E678C00BCFC82 /* WrappingHStack in Frameworks */ = {isa = PBXBuildFile; productRef = C613C445283E678C00BCFC82 /* WrappingHStack */; };
		C6E1B9A8283B772E00EEC6F1 /* MC2_Team1App.swift in Sources */ = {isa = PBXBuildFile; fileRef = C6E1B9A7283B772E00EEC6F1 /* MC2_Team1App.swift */; };
		C6E1B9AA283B772E00EEC6F1 /* ContentView.swift in Sources */ = {isa = PBXBuildFile; fileRef = C6E1B9A9283B772E00EEC6F1 /* ContentView.swift */; };
		C6E1B9AC283B772E00EEC6F1 /* Assets.xcassets in Resources */ = {isa = PBXBuildFile; fileRef = C6E1B9AB283B772E00EEC6F1 /* Assets.xcassets */; };
		C6E1B9AF283B772E00EEC6F1 /* Preview Assets.xcassets in Resources */ = {isa = PBXBuildFile; fileRef = C6E1B9AE283B772E00EEC6F1 /* Preview Assets.xcassets */; };
		C6E1B9B8283B778800EEC6F1 /* Paragraph.swift in Sources */ = {isa = PBXBuildFile; fileRef = C6E1B9B7283B778800EEC6F1 /* Paragraph.swift */; };
		C6E1B9BA283B77C100EEC6F1 /* chapterOne.json in Resources */ = {isa = PBXBuildFile; fileRef = C6E1B9B9283B77C100EEC6F1 /* chapterOne.json */; };
		C6E1B9BC283B782700EEC6F1 /* ModelData.swift in Sources */ = {isa = PBXBuildFile; fileRef = C6E1B9BB283B782700EEC6F1 /* ModelData.swift */; };
/* End PBXBuildFile section */

/* Begin PBXFileReference section */
		C613C432283E0BE800BCFC82 /* FadeInOutView.swift */ = {isa = PBXFileReference; lastKnownFileType = sourcecode.swift; path = FadeInOutView.swift; sourceTree = "<group>"; };
		C613C435283E112300BCFC82 /* Info.plist */ = {isa = PBXFileReference; lastKnownFileType = text.plist; path = Info.plist; sourceTree = "<group>"; };
		C613C436283E12A400BCFC82 /* NotoSerifKR-Black.otf */ = {isa = PBXFileReference; lastKnownFileType = file; path = "NotoSerifKR-Black.otf"; sourceTree = "<group>"; };
		C613C437283E12A400BCFC82 /* NotoSerifKR-Regular.otf */ = {isa = PBXFileReference; lastKnownFileType = file; path = "NotoSerifKR-Regular.otf"; sourceTree = "<group>"; };
		C613C438283E12A400BCFC82 /* NotoSerifKR-Medium.otf */ = {isa = PBXFileReference; lastKnownFileType = file; path = "NotoSerifKR-Medium.otf"; sourceTree = "<group>"; };
		C613C439283E12A400BCFC82 /* NotoSerifKR-Light.otf */ = {isa = PBXFileReference; lastKnownFileType = file; path = "NotoSerifKR-Light.otf"; sourceTree = "<group>"; };
		C613C43A283E12A400BCFC82 /* NotoSerifKR-Bold.otf */ = {isa = PBXFileReference; lastKnownFileType = file; path = "NotoSerifKR-Bold.otf"; sourceTree = "<group>"; };
		C613C43B283E12A400BCFC82 /* NotoSerifKR-SemiBold.otf */ = {isa = PBXFileReference; lastKnownFileType = file; path = "NotoSerifKR-SemiBold.otf"; sourceTree = "<group>"; };
		C613C43C283E12A400BCFC82 /* NotoSerifKR-ExtraLight.otf */ = {isa = PBXFileReference; lastKnownFileType = file; path = "NotoSerifKR-ExtraLight.otf"; sourceTree = "<group>"; };
		C6E1B9A4283B772E00EEC6F1 /* MC2-Team1.app */ = {isa = PBXFileReference; explicitFileType = wrapper.application; includeInIndex = 0; path = "MC2-Team1.app"; sourceTree = BUILT_PRODUCTS_DIR; };
		C6E1B9A7283B772E00EEC6F1 /* MC2_Team1App.swift */ = {isa = PBXFileReference; lastKnownFileType = sourcecode.swift; path = MC2_Team1App.swift; sourceTree = "<group>"; };
		C6E1B9A9283B772E00EEC6F1 /* ContentView.swift */ = {isa = PBXFileReference; lastKnownFileType = sourcecode.swift; path = ContentView.swift; sourceTree = "<group>"; };
		C6E1B9AB283B772E00EEC6F1 /* Assets.xcassets */ = {isa = PBXFileReference; lastKnownFileType = folder.assetcatalog; path = Assets.xcassets; sourceTree = "<group>"; };
		C6E1B9AE283B772E00EEC6F1 /* Preview Assets.xcassets */ = {isa = PBXFileReference; lastKnownFileType = folder.assetcatalog; path = "Preview Assets.xcassets"; sourceTree = "<group>"; };
		C6E1B9B7283B778800EEC6F1 /* Paragraph.swift */ = {isa = PBXFileReference; lastKnownFileType = sourcecode.swift; path = Paragraph.swift; sourceTree = "<group>"; };
		C6E1B9B9283B77C100EEC6F1 /* chapterOne.json */ = {isa = PBXFileReference; lastKnownFileType = text.json; path = chapterOne.json; sourceTree = "<group>"; };
		C6E1B9BB283B782700EEC6F1 /* ModelData.swift */ = {isa = PBXFileReference; lastKnownFileType = sourcecode.swift; path = ModelData.swift; sourceTree = "<group>"; };
/* End PBXFileReference section */

/* Begin PBXFrameworksBuildPhase section */
		C6E1B9A1283B772E00EEC6F1 /* Frameworks */ = {
			isa = PBXFrameworksBuildPhase;
			buildActionMask = 2147483647;
			files = (
				C613C446283E678C00BCFC82 /* WrappingHStack in Frameworks */,
			);
			runOnlyForDeploymentPostprocessing = 0;
		};
/* End PBXFrameworksBuildPhase section */

/* Begin PBXGroup section */
		C613C434283E108A00BCFC82 /* fonts */ = {
			isa = PBXGroup;
			children = (
				C613C436283E12A400BCFC82 /* NotoSerifKR-Black.otf */,
				C613C43A283E12A400BCFC82 /* NotoSerifKR-Bold.otf */,
				C613C43C283E12A400BCFC82 /* NotoSerifKR-ExtraLight.otf */,
				C613C439283E12A400BCFC82 /* NotoSerifKR-Light.otf */,
				C613C438283E12A400BCFC82 /* NotoSerifKR-Medium.otf */,
				C613C437283E12A400BCFC82 /* NotoSerifKR-Regular.otf */,
				C613C43B283E12A400BCFC82 /* NotoSerifKR-SemiBold.otf */,
			);
			path = fonts;
			sourceTree = "<group>";
		};
		C6E1B99B283B772E00EEC6F1 = {
			isa = PBXGroup;
			children = (
				C6E1B9A6283B772E00EEC6F1 /* MC2-Team1 */,
				C6E1B9A5283B772E00EEC6F1 /* Products */,
			);
			sourceTree = "<group>";
		};
		C6E1B9A5283B772E00EEC6F1 /* Products */ = {
			isa = PBXGroup;
			children = (
				C6E1B9A4283B772E00EEC6F1 /* MC2-Team1.app */,
			);
			name = Products;
			sourceTree = "<group>";
		};
		C6E1B9A6283B772E00EEC6F1 /* MC2-Team1 */ = {
			isa = PBXGroup;
			children = (
				C613C435283E112300BCFC82 /* Info.plist */,
				C6E1B9A7283B772E00EEC6F1 /* MC2_Team1App.swift */,
				C6E1B9A9283B772E00EEC6F1 /* ContentView.swift */,
				C613C432283E0BE800BCFC82 /* FadeInOutView.swift */,
				C6E1B9BB283B782700EEC6F1 /* ModelData.swift */,
				C6E1B9B6283B776A00EEC6F1 /* Resources */,
				C6E1B9B5283B776600EEC6F1 /* Models */,
				C6E1B9AB283B772E00EEC6F1 /* Assets.xcassets */,
				C6E1B9AD283B772E00EEC6F1 /* Preview Content */,
			);
			path = "MC2-Team1";
			sourceTree = "<group>";
		};
		C6E1B9AD283B772E00EEC6F1 /* Preview Content */ = {
			isa = PBXGroup;
			children = (
				C6E1B9AE283B772E00EEC6F1 /* Preview Assets.xcassets */,
			);
			path = "Preview Content";
			sourceTree = "<group>";
		};
		C6E1B9B5283B776600EEC6F1 /* Models */ = {
			isa = PBXGroup;
			children = (
				C6E1B9B7283B778800EEC6F1 /* Paragraph.swift */,
			);
			path = Models;
			sourceTree = "<group>";
		};
		C6E1B9B6283B776A00EEC6F1 /* Resources */ = {
			isa = PBXGroup;
			children = (
				C6E1B9B9283B77C100EEC6F1 /* chapterOne.json */,
				C613C434283E108A00BCFC82 /* fonts */,
			);
			path = Resources;
			sourceTree = "<group>";
		};
/* End PBXGroup section */

/* Begin PBXNativeTarget section */
		C6E1B9A3283B772E00EEC6F1 /* MC2-Team1 */ = {
			isa = PBXNativeTarget;
			buildConfigurationList = C6E1B9B2283B772E00EEC6F1 /* Build configuration list for PBXNativeTarget "MC2-Team1" */;
			buildPhases = (
				C6E1B9A0283B772E00EEC6F1 /* Sources */,
				C6E1B9A1283B772E00EEC6F1 /* Frameworks */,
				C6E1B9A2283B772E00EEC6F1 /* Resources */,
			);
			buildRules = (
			);
			dependencies = (
			);
			name = "MC2-Team1";
			packageProductDependencies = (
				C613C445283E678C00BCFC82 /* WrappingHStack */,
			);
			productName = "MC2-Team1";
			productReference = C6E1B9A4283B772E00EEC6F1 /* MC2-Team1.app */;
			productType = "com.apple.product-type.application";
		};
/* End PBXNativeTarget section */

/* Begin PBXProject section */
		C6E1B99C283B772E00EEC6F1 /* Project object */ = {
			isa = PBXProject;
			attributes = {
				BuildIndependentTargetsInParallel = 1;
				LastSwiftUpdateCheck = 1340;
				LastUpgradeCheck = 1340;
				TargetAttributes = {
					C6E1B9A3283B772E00EEC6F1 = {
						CreatedOnToolsVersion = 13.4;
					};
				};
			};
			buildConfigurationList = C6E1B99F283B772E00EEC6F1 /* Build configuration list for PBXProject "MC2-Team1" */;
			compatibilityVersion = "Xcode 13.0";
			developmentRegion = en;
			hasScannedForEncodings = 0;
			knownRegions = (
				en,
				Base,
			);
			mainGroup = C6E1B99B283B772E00EEC6F1;
			packageReferences = (
				C613C444283E678C00BCFC82 /* XCRemoteSwiftPackageReference "WrappingHStack" */,
			);
			productRefGroup = C6E1B9A5283B772E00EEC6F1 /* Products */;
			projectDirPath = "";
			projectRoot = "";
			targets = (
				C6E1B9A3283B772E00EEC6F1 /* MC2-Team1 */,
			);
		};
/* End PBXProject section */

/* Begin PBXResourcesBuildPhase section */
		C6E1B9A2283B772E00EEC6F1 /* Resources */ = {
			isa = PBXResourcesBuildPhase;
			buildActionMask = 2147483647;
			files = (
				C613C43D283E14AC00BCFC82 /* NotoSerifKR-Black.otf in Resources */,
				C613C43E283E14AC00BCFC82 /* NotoSerifKR-Bold.otf in Resources */,
				C613C43F283E14AC00BCFC82 /* NotoSerifKR-ExtraLight.otf in Resources */,
				C613C440283E14AC00BCFC82 /* NotoSerifKR-Light.otf in Resources */,
				C613C441283E14AC00BCFC82 /* NotoSerifKR-Medium.otf in Resources */,
				C613C442283E14AC00BCFC82 /* NotoSerifKR-Regular.otf in Resources */,
				C613C443283E14AC00BCFC82 /* NotoSerifKR-SemiBold.otf in Resources */,
				C6E1B9BA283B77C100EEC6F1 /* chapterOne.json in Resources */,
				C6E1B9AF283B772E00EEC6F1 /* Preview Assets.xcassets in Resources */,
				C6E1B9AC283B772E00EEC6F1 /* Assets.xcassets in Resources */,
			);
			runOnlyForDeploymentPostprocessing = 0;
		};
/* End PBXResourcesBuildPhase section */

/* Begin PBXSourcesBuildPhase section */
		C6E1B9A0283B772E00EEC6F1 /* Sources */ = {
			isa = PBXSourcesBuildPhase;
			buildActionMask = 2147483647;
			files = (
				C6E1B9B8283B778800EEC6F1 /* Paragraph.swift in Sources */,
				C6E1B9BC283B782700EEC6F1 /* ModelData.swift in Sources */,
				C613C433283E0BE800BCFC82 /* FadeInOutView.swift in Sources */,
				C6E1B9AA283B772E00EEC6F1 /* ContentView.swift in Sources */,
				C6E1B9A8283B772E00EEC6F1 /* MC2_Team1App.swift in Sources */,
			);
			runOnlyForDeploymentPostprocessing = 0;
		};
/* End PBXSourcesBuildPhase section */

/* Begin XCBuildConfiguration section */
		C6E1B9B0283B772E00EEC6F1 /* Debug */ = {
			isa = XCBuildConfiguration;
			buildSettings = {
				ALWAYS_SEARCH_USER_PATHS = NO;
				CLANG_ANALYZER_NONNULL = YES;
				CLANG_ANALYZER_NUMBER_OBJECT_CONVERSION = YES_AGGRESSIVE;
				CLANG_CXX_LANGUAGE_STANDARD = "gnu++17";
				CLANG_ENABLE_MODULES = YES;
				CLANG_ENABLE_OBJC_ARC = YES;
				CLANG_ENABLE_OBJC_WEAK = YES;
				CLANG_WARN_BLOCK_CAPTURE_AUTORELEASING = YES;
				CLANG_WARN_BOOL_CONVERSION = YES;
				CLANG_WARN_COMMA = YES;
				CLANG_WARN_CONSTANT_CONVERSION = YES;
				CLANG_WARN_DEPRECATED_OBJC_IMPLEMENTATIONS = YES;
				CLANG_WARN_DIRECT_OBJC_ISA_USAGE = YES_ERROR;
				CLANG_WARN_DOCUMENTATION_COMMENTS = YES;
				CLANG_WARN_EMPTY_BODY = YES;
				CLANG_WARN_ENUM_CONVERSION = YES;
				CLANG_WARN_INFINITE_RECURSION = YES;
				CLANG_WARN_INT_CONVERSION = YES;
				CLANG_WARN_NON_LITERAL_NULL_CONVERSION = YES;
				CLANG_WARN_OBJC_IMPLICIT_RETAIN_SELF = YES;
				CLANG_WARN_OBJC_LITERAL_CONVERSION = YES;
				CLANG_WARN_OBJC_ROOT_CLASS = YES_ERROR;
				CLANG_WARN_QUOTED_INCLUDE_IN_FRAMEWORK_HEADER = YES;
				CLANG_WARN_RANGE_LOOP_ANALYSIS = YES;
				CLANG_WARN_STRICT_PROTOTYPES = YES;
				CLANG_WARN_SUSPICIOUS_MOVE = YES;
				CLANG_WARN_UNGUARDED_AVAILABILITY = YES_AGGRESSIVE;
				CLANG_WARN_UNREACHABLE_CODE = YES;
				CLANG_WARN__DUPLICATE_METHOD_MATCH = YES;
				COPY_PHASE_STRIP = NO;
				DEBUG_INFORMATION_FORMAT = dwarf;
				ENABLE_STRICT_OBJC_MSGSEND = YES;
				ENABLE_TESTABILITY = YES;
				GCC_C_LANGUAGE_STANDARD = gnu11;
				GCC_DYNAMIC_NO_PIC = NO;
				GCC_NO_COMMON_BLOCKS = YES;
				GCC_OPTIMIZATION_LEVEL = 0;
				GCC_PREPROCESSOR_DEFINITIONS = (
					"DEBUG=1",
					"$(inherited)",
				);
				GCC_WARN_64_TO_32_BIT_CONVERSION = YES;
				GCC_WARN_ABOUT_RETURN_TYPE = YES_ERROR;
				GCC_WARN_UNDECLARED_SELECTOR = YES;
				GCC_WARN_UNINITIALIZED_AUTOS = YES_AGGRESSIVE;
				GCC_WARN_UNUSED_FUNCTION = YES;
				GCC_WARN_UNUSED_VARIABLE = YES;
				IPHONEOS_DEPLOYMENT_TARGET = 15.0;
				MTL_ENABLE_DEBUG_INFO = INCLUDE_SOURCE;
				MTL_FAST_MATH = YES;
				ONLY_ACTIVE_ARCH = YES;
				SDKROOT = iphoneos;
				SWIFT_ACTIVE_COMPILATION_CONDITIONS = DEBUG;
				SWIFT_OPTIMIZATION_LEVEL = "-Onone";
			};
			name = Debug;
		};
		C6E1B9B1283B772E00EEC6F1 /* Release */ = {
			isa = XCBuildConfiguration;
			buildSettings = {
				ALWAYS_SEARCH_USER_PATHS = NO;
				CLANG_ANALYZER_NONNULL = YES;
				CLANG_ANALYZER_NUMBER_OBJECT_CONVERSION = YES_AGGRESSIVE;
				CLANG_CXX_LANGUAGE_STANDARD = "gnu++17";
				CLANG_ENABLE_MODULES = YES;
				CLANG_ENABLE_OBJC_ARC = YES;
				CLANG_ENABLE_OBJC_WEAK = YES;
				CLANG_WARN_BLOCK_CAPTURE_AUTORELEASING = YES;
				CLANG_WARN_BOOL_CONVERSION = YES;
				CLANG_WARN_COMMA = YES;
				CLANG_WARN_CONSTANT_CONVERSION = YES;
				CLANG_WARN_DEPRECATED_OBJC_IMPLEMENTATIONS = YES;
				CLANG_WARN_DIRECT_OBJC_ISA_USAGE = YES_ERROR;
				CLANG_WARN_DOCUMENTATION_COMMENTS = YES;
				CLANG_WARN_EMPTY_BODY = YES;
				CLANG_WARN_ENUM_CONVERSION = YES;
				CLANG_WARN_INFINITE_RECURSION = YES;
				CLANG_WARN_INT_CONVERSION = YES;
				CLANG_WARN_NON_LITERAL_NULL_CONVERSION = YES;
				CLANG_WARN_OBJC_IMPLICIT_RETAIN_SELF = YES;
				CLANG_WARN_OBJC_LITERAL_CONVERSION = YES;
				CLANG_WARN_OBJC_ROOT_CLASS = YES_ERROR;
				CLANG_WARN_QUOTED_INCLUDE_IN_FRAMEWORK_HEADER = YES;
				CLANG_WARN_RANGE_LOOP_ANALYSIS = YES;
				CLANG_WARN_STRICT_PROTOTYPES = YES;
				CLANG_WARN_SUSPICIOUS_MOVE = YES;
				CLANG_WARN_UNGUARDED_AVAILABILITY = YES_AGGRESSIVE;
				CLANG_WARN_UNREACHABLE_CODE = YES;
				CLANG_WARN__DUPLICATE_METHOD_MATCH = YES;
				COPY_PHASE_STRIP = NO;
				DEBUG_INFORMATION_FORMAT = "dwarf-with-dsym";
				ENABLE_NS_ASSERTIONS = NO;
				ENABLE_STRICT_OBJC_MSGSEND = YES;
				GCC_C_LANGUAGE_STANDARD = gnu11;
				GCC_NO_COMMON_BLOCKS = YES;
				GCC_WARN_64_TO_32_BIT_CONVERSION = YES;
				GCC_WARN_ABOUT_RETURN_TYPE = YES_ERROR;
				GCC_WARN_UNDECLARED_SELECTOR = YES;
				GCC_WARN_UNINITIALIZED_AUTOS = YES_AGGRESSIVE;
				GCC_WARN_UNUSED_FUNCTION = YES;
				GCC_WARN_UNUSED_VARIABLE = YES;
				IPHONEOS_DEPLOYMENT_TARGET = 15.0;
				MTL_ENABLE_DEBUG_INFO = NO;
				MTL_FAST_MATH = YES;
				SDKROOT = iphoneos;
				SWIFT_COMPILATION_MODE = wholemodule;
				SWIFT_OPTIMIZATION_LEVEL = "-O";
				VALIDATE_PRODUCT = YES;
			};
			name = Release;
		};
		C6E1B9B3283B772E00EEC6F1 /* Debug */ = {
			isa = XCBuildConfiguration;
			buildSettings = {
				ASSETCATALOG_COMPILER_APPICON_NAME = AppIcon;
				ASSETCATALOG_COMPILER_GLOBAL_ACCENT_COLOR_NAME = AccentColor;
				CODE_SIGN_STYLE = Automatic;
				CURRENT_PROJECT_VERSION = 1;
				DEVELOPMENT_ASSET_PATHS = "\"MC2-Team1/Preview Content\"";
				DEVELOPMENT_TEAM = 76AJ433CP5;
				ENABLE_PREVIEWS = YES;
				GENERATE_INFOPLIST_FILE = YES;
				INFOPLIST_FILE = "MC2-Team1/Info.plist";
				INFOPLIST_KEY_UIApplicationSceneManifest_Generation = YES;
				INFOPLIST_KEY_UIApplicationSupportsIndirectInputEvents = YES;
				INFOPLIST_KEY_UILaunchScreen_Generation = YES;
				INFOPLIST_KEY_UISupportedInterfaceOrientations_iPad = "UIInterfaceOrientationPortrait UIInterfaceOrientationPortraitUpsideDown UIInterfaceOrientationLandscapeLeft UIInterfaceOrientationLandscapeRight";
				INFOPLIST_KEY_UISupportedInterfaceOrientations_iPhone = "UIInterfaceOrientationPortrait UIInterfaceOrientationLandscapeLeft UIInterfaceOrientationLandscapeRight";
				LD_RUNPATH_SEARCH_PATHS = (
					"$(inherited)",
					"@executable_path/Frameworks",
				);
				MARKETING_VERSION = 1.0;
				PRODUCT_BUNDLE_IDENTIFIER = "com.kim.MC2-Team1";
				PRODUCT_NAME = "$(TARGET_NAME)";
				SWIFT_EMIT_LOC_STRINGS = YES;
				SWIFT_VERSION = 5.0;
				TARGETED_DEVICE_FAMILY = "1,2";
			};
			name = Debug;
		};
		C6E1B9B4283B772E00EEC6F1 /* Release */ = {
			isa = XCBuildConfiguration;
			buildSettings = {
				ASSETCATALOG_COMPILER_APPICON_NAME = AppIcon;
				ASSETCATALOG_COMPILER_GLOBAL_ACCENT_COLOR_NAME = AccentColor;
				CODE_SIGN_STYLE = Automatic;
				CURRENT_PROJECT_VERSION = 1;
				DEVELOPMENT_ASSET_PATHS = "\"MC2-Team1/Preview Content\"";
				DEVELOPMENT_TEAM = 76AJ433CP5;
				ENABLE_PREVIEWS = YES;
				GENERATE_INFOPLIST_FILE = YES;
				INFOPLIST_FILE = "MC2-Team1/Info.plist";
				INFOPLIST_KEY_UIApplicationSceneManifest_Generation = YES;
				INFOPLIST_KEY_UIApplicationSupportsIndirectInputEvents = YES;
				INFOPLIST_KEY_UILaunchScreen_Generation = YES;
				INFOPLIST_KEY_UISupportedInterfaceOrientations_iPad = "UIInterfaceOrientationPortrait UIInterfaceOrientationPortraitUpsideDown UIInterfaceOrientationLandscapeLeft UIInterfaceOrientationLandscapeRight";
				INFOPLIST_KEY_UISupportedInterfaceOrientations_iPhone = "UIInterfaceOrientationPortrait UIInterfaceOrientationLandscapeLeft UIInterfaceOrientationLandscapeRight";
				LD_RUNPATH_SEARCH_PATHS = (
					"$(inherited)",
					"@executable_path/Frameworks",
				);
				MARKETING_VERSION = 1.0;
				PRODUCT_BUNDLE_IDENTIFIER = "com.kim.MC2-Team1";
				PRODUCT_NAME = "$(TARGET_NAME)";
				SWIFT_EMIT_LOC_STRINGS = YES;
				SWIFT_VERSION = 5.0;
				TARGETED_DEVICE_FAMILY = "1,2";
			};
			name = Release;
		};
/* End XCBuildConfiguration section */

/* Begin XCConfigurationList section */
		C6E1B99F283B772E00EEC6F1 /* Build configuration list for PBXProject "MC2-Team1" */ = {
			isa = XCConfigurationList;
			buildConfigurations = (
				C6E1B9B0283B772E00EEC6F1 /* Debug */,
				C6E1B9B1283B772E00EEC6F1 /* Release */,
			);
			defaultConfigurationIsVisible = 0;
			defaultConfigurationName = Release;
		};
		C6E1B9B2283B772E00EEC6F1 /* Build configuration list for PBXNativeTarget "MC2-Team1" */ = {
			isa = XCConfigurationList;
			buildConfigurations = (
				C6E1B9B3283B772E00EEC6F1 /* Debug */,
				C6E1B9B4283B772E00EEC6F1 /* Release */,
			);
			defaultConfigurationIsVisible = 0;
			defaultConfigurationName = Release;
		};
/* End XCConfigurationList section */

/* Begin XCRemoteSwiftPackageReference section */
		C613C444283E678C00BCFC82 /* XCRemoteSwiftPackageReference "WrappingHStack" */ = {
			isa = XCRemoteSwiftPackageReference;
			repositoryURL = "https://github.com/dkk/WrappingHStack";
			requirement = {
				kind = upToNextMajorVersion;
				minimumVersion = 2.0.0;
			};
		};
/* End XCRemoteSwiftPackageReference section */

/* Begin XCSwiftPackageProductDependency section */
		C613C445283E678C00BCFC82 /* WrappingHStack */ = {
			isa = XCSwiftPackageProductDependency;
			package = C613C444283E678C00BCFC82 /* XCRemoteSwiftPackageReference "WrappingHStack" */;
			productName = WrappingHStack;
		};
/* End XCSwiftPackageProductDependency section */
	};
	rootObject = C6E1B99C283B772E00EEC6F1 /* Project object */;
}
