// !$*UTF8*$!
{
	archiveVersion = 1;
	classes = {
	};
	objectVersion = 55;
	objects = {

/* Begin PBXBuildFile section */
		058249AA2854DE7300EC0832 /* BoxOpenView.swift in Sources */ = {isa = PBXBuildFile; fileRef = 058249A92854DE7300EC0832 /* BoxOpenView.swift */; };
		058249AC2854DE9800EC0832 /* openBox.json in Resources */ = {isa = PBXBuildFile; fileRef = 058249AB2854DE9800EC0832 /* openBox.json */; };
		058249AF2854DECF00EC0832 /* Lottie in Frameworks */ = {isa = PBXBuildFile; productRef = 058249AE2854DECF00EC0832 /* Lottie */; };
		05FB2E0F285710360089359B /* chapterSixBKR.json in Resources */ = {isa = PBXBuildFile; fileRef = 05FB2E0E285710360089359B /* chapterSixBKR.json */; };
		11139EBB28570D5B00EF6FD1 /* chapterFiveKR.json in Resources */ = {isa = PBXBuildFile; fileRef = 11139EBA28570D5B00EF6FD1 /* chapterFiveKR.json */; };
		11F4C4022859A509002CE9F4 /* chapterFiveEng.json in Resources */ = {isa = PBXBuildFile; fileRef = 11F4C4002859A509002CE9F4 /* chapterFiveEng.json */; };
		11F4C4032859A509002CE9F4 /* chapterFourEng.json in Resources */ = {isa = PBXBuildFile; fileRef = 11F4C4012859A509002CE9F4 /* chapterFourEng.json */; };
		11F4C4062859A520002CE9F4 /* chapterSixBEng.json in Resources */ = {isa = PBXBuildFile; fileRef = 11F4C4042859A520002CE9F4 /* chapterSixBEng.json */; };
		11F4C4072859A520002CE9F4 /* chapterOneEng.json in Resources */ = {isa = PBXBuildFile; fileRef = 11F4C4052859A520002CE9F4 /* chapterOneEng.json */; };
		11F4C40B2859A532002CE9F4 /* chapterThreeEng.json in Resources */ = {isa = PBXBuildFile; fileRef = 11F4C4082859A532002CE9F4 /* chapterThreeEng.json */; };
		11F4C40C2859A532002CE9F4 /* chapterTwoEng.json in Resources */ = {isa = PBXBuildFile; fileRef = 11F4C4092859A532002CE9F4 /* chapterTwoEng.json */; };
		11F4C40D2859A532002CE9F4 /* chapterSixCEng.json in Resources */ = {isa = PBXBuildFile; fileRef = 11F4C40A2859A532002CE9F4 /* chapterSixCEng.json */; };
		37D9E2AE2851CA31005BB908 /* DotView.swift in Sources */ = {isa = PBXBuildFile; fileRef = 37D9E2AD2851CA31005BB908 /* DotView.swift */; };
		37D9E2B828570CBC005BB908 /* chapterThreeKR.json in Resources */ = {isa = PBXBuildFile; fileRef = 37D9E2B728570CBC005BB908 /* chapterThreeKR.json */; };
		3A3A900228587A3100375C7D /* chapterOneJP.json in Resources */ = {isa = PBXBuildFile; fileRef = 3A3A900128587A3100375C7D /* chapterOneJP.json */; };
		3A3C86E228589A6100F0F8DE /* chapterTwoJP.json in Resources */ = {isa = PBXBuildFile; fileRef = 3A3C86E128589A6100F0F8DE /* chapterTwoJP.json */; };
		3A3C86E428589E0F00F0F8DE /* chapterThreeJP.json in Resources */ = {isa = PBXBuildFile; fileRef = 3A3C86E328589E0B00F0F8DE /* chapterThreeJP.json */; };
		3A3C86E62858B69100F0F8DE /* chapterFourJP.json in Resources */ = {isa = PBXBuildFile; fileRef = 3A3C86E52858B69100F0F8DE /* chapterFourJP.json */; };
		3A3C86E82858C1C500F0F8DE /* chapterFiveJP.json in Resources */ = {isa = PBXBuildFile; fileRef = 3A3C86E72858C1C500F0F8DE /* chapterFiveJP.json */; };
		3A3C86EA2858D12C00F0F8DE /* chapterSixBJP.json in Resources */ = {isa = PBXBuildFile; fileRef = 3A3C86E92858D12C00F0F8DE /* chapterSixBJP.json */; };
		3A3C86EC2858E1F400F0F8DE /* chapterSixCJP.json in Resources */ = {isa = PBXBuildFile; fileRef = 3A3C86EB2858E1F400F0F8DE /* chapterSixCJP.json */; };
		3AA9DFD42851CADD00365420 /* GlassAnimationView.swift in Sources */ = {isa = PBXBuildFile; fileRef = 3AA9DFD32851CADD00365420 /* GlassAnimationView.swift */; };
		3AA9DFEB2851DCEC00365420 /* HapticManager.swift in Sources */ = {isa = PBXBuildFile; fileRef = 3AA9DFEA2851DCEC00365420 /* HapticManager.swift */; };
		3AA9DFF028532FE300365420 /* Constants.swift in Sources */ = {isa = PBXBuildFile; fileRef = 3AA9DFEF28532FE300365420 /* Constants.swift */; };
		B70C7353285705A6009F8D61 /* chapterSixCKR.json in Resources */ = {isa = PBXBuildFile; fileRef = B70C7352285705A6009F8D61 /* chapterSixCKR.json */; };
		B718B1D528587927006D0DB4 /* chapterOneCN.json in Resources */ = {isa = PBXBuildFile; fileRef = B718B1D428587926006D0DB4 /* chapterOneCN.json */; };
		B718B1D92858AF00006D0DB4 /* chapterTwoCN.json in Resources */ = {isa = PBXBuildFile; fileRef = B718B1D82858AF00006D0DB4 /* chapterTwoCN.json */; };
		B718B1DB2858B5CF006D0DB4 /* chapterThreeCN.json in Resources */ = {isa = PBXBuildFile; fileRef = B718B1DA2858B5CF006D0DB4 /* chapterThreeCN.json */; };
		B718B1DD2858BBFC006D0DB4 /* chapterFourCN.json in Resources */ = {isa = PBXBuildFile; fileRef = B718B1DC2858BBFC006D0DB4 /* chapterFourCN.json */; };
		B718B1DF2858C121006D0DB4 /* chapterFiveCN.json in Resources */ = {isa = PBXBuildFile; fileRef = B718B1DE2858C121006D0DB4 /* chapterFiveCN.json */; };
		B718B1E12858C596006D0DB4 /* chapterSixBCN.json in Resources */ = {isa = PBXBuildFile; fileRef = B718B1E02858C596006D0DB4 /* chapterSixBCN.json */; };
		B73777DE2858CA1F00BC049F /* chapterSixCCN.json in Resources */ = {isa = PBXBuildFile; fileRef = B73777DD2858CA1F00BC049F /* chapterSixCCN.json */; };
		B73777E72858D2F500BC049F /* NotoSerifSC-Regular.otf in Resources */ = {isa = PBXBuildFile; fileRef = B73777E02858D2F400BC049F /* NotoSerifSC-Regular.otf */; };
		B73777E82858D2F500BC049F /* NotoSerifSC-SemiBold.otf in Resources */ = {isa = PBXBuildFile; fileRef = B73777E12858D2F400BC049F /* NotoSerifSC-SemiBold.otf */; };
		B73777E92858D2F500BC049F /* NotoSerifSC-Black.otf in Resources */ = {isa = PBXBuildFile; fileRef = B73777E22858D2F400BC049F /* NotoSerifSC-Black.otf */; };
		B73777EA2858D2F500BC049F /* NotoSerifSC-Medium.otf in Resources */ = {isa = PBXBuildFile; fileRef = B73777E32858D2F500BC049F /* NotoSerifSC-Medium.otf */; };
		B73777EB2858D2F500BC049F /* NotoSerifSC-Bold.otf in Resources */ = {isa = PBXBuildFile; fileRef = B73777E42858D2F500BC049F /* NotoSerifSC-Bold.otf */; };
		B73777EC2858D2F500BC049F /* NotoSerifSC-ExtraLight.otf in Resources */ = {isa = PBXBuildFile; fileRef = B73777E52858D2F500BC049F /* NotoSerifSC-ExtraLight.otf */; };
		B73777ED2858D2F500BC049F /* NotoSerifSC-Light.otf in Resources */ = {isa = PBXBuildFile; fileRef = B73777E62858D2F500BC049F /* NotoSerifSC-Light.otf */; };
		B73777EF2859A2BE00BC049F /* String.swift in Sources */ = {isa = PBXBuildFile; fileRef = B73777EE2859A2BE00BC049F /* String.swift */; };
		B73777F12859A8A600BC049F /* LocalizeManager.swift in Sources */ = {isa = PBXBuildFile; fileRef = B73777F02859A8A600BC049F /* LocalizeManager.swift */; };
		B73777F42859AAC200BC049F /* Localizable.strings in Resources */ = {isa = PBXBuildFile; fileRef = B73777F62859AAC200BC049F /* Localizable.strings */; };
		B7690EE22851C613008E81AC /* StartView.swift in Sources */ = {isa = PBXBuildFile; fileRef = B7690EE12851C613008E81AC /* StartView.swift */; };
		B7690EE62851D157008E81AC /* Inter-SemiBold.ttf in Resources */ = {isa = PBXBuildFile; fileRef = B7690EE52851D153008E81AC /* Inter-SemiBold.ttf */; };
		B7690EE82851DB5D008E81AC /* HistoryView.swift in Sources */ = {isa = PBXBuildFile; fileRef = B7690EE72851DB5D008E81AC /* HistoryView.swift */; };
		B7690F15285322E2008E81AC /* Color.swift in Sources */ = {isa = PBXBuildFile; fileRef = B7690F14285322E2008E81AC /* Color.swift */; };
		B7690F17285325CA008E81AC /* NuosuSIL-Regular.ttf in Resources */ = {isa = PBXBuildFile; fileRef = B7690F16285325CA008E81AC /* NuosuSIL-Regular.ttf */; };
		B7690F1928548932008E81AC /* InitView.swift in Sources */ = {isa = PBXBuildFile; fileRef = B7690F1828548932008E81AC /* InitView.swift */; };
		B7690F1B28548C0F008E81AC /* BridgeView.swift in Sources */ = {isa = PBXBuildFile; fileRef = B7690F1A28548C0F008E81AC /* BridgeView.swift */; };
		B7FD7D662855C347006A509E /* JsonManager.swift in Sources */ = {isa = PBXBuildFile; fileRef = B7FD7D652855C347006A509E /* JsonManager.swift */; };
		B7FD7D682855C79B006A509E /* PastPara.json in Resources */ = {isa = PBXBuildFile; fileRef = B7FD7D672855C79B006A509E /* PastPara.json */; };
		C613C43D283E14AC00BCFC82 /* NotoSerifKR-Black.otf in Resources */ = {isa = PBXBuildFile; fileRef = C613C436283E12A400BCFC82 /* NotoSerifKR-Black.otf */; };
		C613C43E283E14AC00BCFC82 /* NotoSerifKR-Bold.otf in Resources */ = {isa = PBXBuildFile; fileRef = C613C43A283E12A400BCFC82 /* NotoSerifKR-Bold.otf */; };
		C613C43F283E14AC00BCFC82 /* NotoSerifKR-ExtraLight.otf in Resources */ = {isa = PBXBuildFile; fileRef = C613C43C283E12A400BCFC82 /* NotoSerifKR-ExtraLight.otf */; };
		C613C440283E14AC00BCFC82 /* NotoSerifKR-Light.otf in Resources */ = {isa = PBXBuildFile; fileRef = C613C439283E12A400BCFC82 /* NotoSerifKR-Light.otf */; };
		C613C441283E14AC00BCFC82 /* NotoSerifKR-Medium.otf in Resources */ = {isa = PBXBuildFile; fileRef = C613C438283E12A400BCFC82 /* NotoSerifKR-Medium.otf */; };
		C613C442283E14AC00BCFC82 /* NotoSerifKR-Regular.otf in Resources */ = {isa = PBXBuildFile; fileRef = C613C437283E12A400BCFC82 /* NotoSerifKR-Regular.otf */; };
		C613C443283E14AC00BCFC82 /* NotoSerifKR-SemiBold.otf in Resources */ = {isa = PBXBuildFile; fileRef = C613C43B283E12A400BCFC82 /* NotoSerifKR-SemiBold.otf */; };
		C66C56E22845E2A200BDC0CC /* FadeInView.swift in Sources */ = {isa = PBXBuildFile; fileRef = C66C56E12845E2A200BDC0CC /* FadeInView.swift */; };
		C6AE29532855CDB200E9F39F /* ButtonFadeInView.swift in Sources */ = {isa = PBXBuildFile; fileRef = C6AE29522855CDB200E9F39F /* ButtonFadeInView.swift */; };
		C6AE2957285705CA00E9F39F /* chapterTwoKR.json in Resources */ = {isa = PBXBuildFile; fileRef = C6AE2956285705CA00E9F39F /* chapterTwoKR.json */; };
		C6AE999B28587A1500FF8BD0 /* OnBoardingView.swift in Sources */ = {isa = PBXBuildFile; fileRef = C6AE999A28587A1500FF8BD0 /* OnBoardingView.swift */; };
		C6AE999D28587AC700FF8BD0 /* OnBoardingPageView.swift in Sources */ = {isa = PBXBuildFile; fileRef = C6AE999C28587AC700FF8BD0 /* OnBoardingPageView.swift */; };
		C6AE999F2858858200FF8BD0 /* OnBoardingLastPageView.swift in Sources */ = {isa = PBXBuildFile; fileRef = C6AE999E2858858200FF8BD0 /* OnBoardingLastPageView.swift */; };
		C6E19457284A58EA00EC9131 /* HalfASheet.swift in Sources */ = {isa = PBXBuildFile; fileRef = C6E19456284A58EA00EC9131 /* HalfASheet.swift */; };
		C6E1945B284A58EF00EC9131 /* HalfASheet+Modifiers.swift in Sources */ = {isa = PBXBuildFile; fileRef = C6E19458284A58EF00EC9131 /* HalfASheet+Modifiers.swift */; };
		C6E1945D284A58EF00EC9131 /* VerticalSlideTransition.swift in Sources */ = {isa = PBXBuildFile; fileRef = C6E19459284A58EF00EC9131 /* VerticalSlideTransition.swift */; };
		C6E1B9A8283B772E00EEC6F1 /* MC2_Team1App.swift in Sources */ = {isa = PBXBuildFile; fileRef = C6E1B9A7283B772E00EEC6F1 /* MC2_Team1App.swift */; };
		C6E1B9AA283B772E00EEC6F1 /* ContentView.swift in Sources */ = {isa = PBXBuildFile; fileRef = C6E1B9A9283B772E00EEC6F1 /* ContentView.swift */; };
		C6E1B9AC283B772E00EEC6F1 /* Assets.xcassets in Resources */ = {isa = PBXBuildFile; fileRef = C6E1B9AB283B772E00EEC6F1 /* Assets.xcassets */; };
		C6E1B9AF283B772E00EEC6F1 /* Preview Assets.xcassets in Resources */ = {isa = PBXBuildFile; fileRef = C6E1B9AE283B772E00EEC6F1 /* Preview Assets.xcassets */; };
		C6E1B9B8283B778800EEC6F1 /* Paragraph.swift in Sources */ = {isa = PBXBuildFile; fileRef = C6E1B9B7283B778800EEC6F1 /* Paragraph.swift */; };
		C6E1B9BA283B77C100EEC6F1 /* chapterOneKR.json in Resources */ = {isa = PBXBuildFile; fileRef = C6E1B9B9283B77C100EEC6F1 /* chapterOneKR.json */; };
		C6E1B9BC283B782700EEC6F1 /* ModelData.swift in Sources */ = {isa = PBXBuildFile; fileRef = C6E1B9BB283B782700EEC6F1 /* ModelData.swift */; };
		D4EE46B0285465AE00C608DA /* PullLeverGameView.swift in Sources */ = {isa = PBXBuildFile; fileRef = D4EE46AF285465AE00C608DA /* PullLeverGameView.swift */; };
		D4EE46BA2855DE7800C608DA /* NanumMyeongjoBold.ttf in Resources */ = {isa = PBXBuildFile; fileRef = D4EE46B72855DE7800C608DA /* NanumMyeongjoBold.ttf */; };
		D4EE46BB2855DE7800C608DA /* NanumMyeongjoExtraBold.ttf in Resources */ = {isa = PBXBuildFile; fileRef = D4EE46B82855DE7800C608DA /* NanumMyeongjoExtraBold.ttf */; };
		D4EE46BC2855DE7800C608DA /* NanumMyeongjo.ttf in Resources */ = {isa = PBXBuildFile; fileRef = D4EE46B92855DE7800C608DA /* NanumMyeongjo.ttf */; };
		D4EE46C22857107400C608DA /* chapterFourKR.json in Resources */ = {isa = PBXBuildFile; fileRef = D4EE46C12857107400C608DA /* chapterFourKR.json */; };
/* End PBXBuildFile section */

/* Begin PBXFileReference section */
		058249A92854DE7300EC0832 /* BoxOpenView.swift */ = {isa = PBXFileReference; lastKnownFileType = sourcecode.swift; path = BoxOpenView.swift; sourceTree = "<group>"; };
		058249AB2854DE9800EC0832 /* openBox.json */ = {isa = PBXFileReference; fileEncoding = 4; lastKnownFileType = text.json; path = openBox.json; sourceTree = "<group>"; };
		05FB2E0E285710360089359B /* chapterSixBKR.json */ = {isa = PBXFileReference; fileEncoding = 4; lastKnownFileType = text.json; path = chapterSixBKR.json; sourceTree = "<group>"; };
		11139EBA28570D5B00EF6FD1 /* chapterFiveKR.json */ = {isa = PBXFileReference; lastKnownFileType = text.json; path = chapterFiveKR.json; sourceTree = "<group>"; };
		11F4C4002859A509002CE9F4 /* chapterFiveEng.json */ = {isa = PBXFileReference; fileEncoding = 4; lastKnownFileType = text.json; path = chapterFiveEng.json; sourceTree = "<group>"; };
		11F4C4012859A509002CE9F4 /* chapterFourEng.json */ = {isa = PBXFileReference; fileEncoding = 4; lastKnownFileType = text.json; path = chapterFourEng.json; sourceTree = "<group>"; };
		11F4C4042859A520002CE9F4 /* chapterSixBEng.json */ = {isa = PBXFileReference; fileEncoding = 4; lastKnownFileType = text.json; path = chapterSixBEng.json; sourceTree = "<group>"; };
		11F4C4052859A520002CE9F4 /* chapterOneEng.json */ = {isa = PBXFileReference; fileEncoding = 4; lastKnownFileType = text.json; path = chapterOneEng.json; sourceTree = "<group>"; };
		11F4C4082859A532002CE9F4 /* chapterThreeEng.json */ = {isa = PBXFileReference; fileEncoding = 4; lastKnownFileType = text.json; path = chapterThreeEng.json; sourceTree = "<group>"; };
		11F4C4092859A532002CE9F4 /* chapterTwoEng.json */ = {isa = PBXFileReference; fileEncoding = 4; lastKnownFileType = text.json; path = chapterTwoEng.json; sourceTree = "<group>"; };
		11F4C40A2859A532002CE9F4 /* chapterSixCEng.json */ = {isa = PBXFileReference; fileEncoding = 4; lastKnownFileType = text.json; path = chapterSixCEng.json; sourceTree = "<group>"; };
		37D9E2AD2851CA31005BB908 /* DotView.swift */ = {isa = PBXFileReference; lastKnownFileType = sourcecode.swift; path = DotView.swift; sourceTree = "<group>"; };
		37D9E2B728570CBC005BB908 /* chapterThreeKR.json */ = {isa = PBXFileReference; lastKnownFileType = text.json; path = chapterThreeKR.json; sourceTree = "<group>"; };
		3A3A900128587A3100375C7D /* chapterOneJP.json */ = {isa = PBXFileReference; fileEncoding = 4; lastKnownFileType = text.json; path = chapterOneJP.json; sourceTree = "<group>"; };
		3A3C86E128589A6100F0F8DE /* chapterTwoJP.json */ = {isa = PBXFileReference; lastKnownFileType = text.json; path = chapterTwoJP.json; sourceTree = "<group>"; xcLanguageSpecificationIdentifier = xcode.lang.json; };
		3A3C86E328589E0B00F0F8DE /* chapterThreeJP.json */ = {isa = PBXFileReference; lastKnownFileType = text.json; path = chapterThreeJP.json; sourceTree = "<group>"; xcLanguageSpecificationIdentifier = xcode.lang.json; };
		3A3C86E52858B69100F0F8DE /* chapterFourJP.json */ = {isa = PBXFileReference; lastKnownFileType = text.json; path = chapterFourJP.json; sourceTree = "<group>"; xcLanguageSpecificationIdentifier = xcode.lang.json; };
		3A3C86E72858C1C500F0F8DE /* chapterFiveJP.json */ = {isa = PBXFileReference; lastKnownFileType = text.json; path = chapterFiveJP.json; sourceTree = "<group>"; xcLanguageSpecificationIdentifier = xcode.lang.json; };
		3A3C86E92858D12C00F0F8DE /* chapterSixBJP.json */ = {isa = PBXFileReference; lastKnownFileType = text.json; path = chapterSixBJP.json; sourceTree = "<group>"; };
		3A3C86EB2858E1F400F0F8DE /* chapterSixCJP.json */ = {isa = PBXFileReference; lastKnownFileType = text.json; path = chapterSixCJP.json; sourceTree = "<group>"; xcLanguageSpecificationIdentifier = xcode.lang.json; };
		3AA9DFD32851CADD00365420 /* GlassAnimationView.swift */ = {isa = PBXFileReference; lastKnownFileType = sourcecode.swift; path = GlassAnimationView.swift; sourceTree = "<group>"; };
		3AA9DFEA2851DCEC00365420 /* HapticManager.swift */ = {isa = PBXFileReference; lastKnownFileType = sourcecode.swift; path = HapticManager.swift; sourceTree = "<group>"; };
		3AA9DFEF28532FE300365420 /* Constants.swift */ = {isa = PBXFileReference; lastKnownFileType = sourcecode.swift; path = Constants.swift; sourceTree = "<group>"; };
		B70C7352285705A6009F8D61 /* chapterSixCKR.json */ = {isa = PBXFileReference; lastKnownFileType = text.json; path = chapterSixCKR.json; sourceTree = "<group>"; };
		B718B1D428587926006D0DB4 /* chapterOneCN.json */ = {isa = PBXFileReference; lastKnownFileType = text.json; path = chapterOneCN.json; sourceTree = "<group>"; };
		B718B1D82858AF00006D0DB4 /* chapterTwoCN.json */ = {isa = PBXFileReference; lastKnownFileType = text.json; path = chapterTwoCN.json; sourceTree = "<group>"; };
		B718B1DA2858B5CF006D0DB4 /* chapterThreeCN.json */ = {isa = PBXFileReference; lastKnownFileType = text.json; path = chapterThreeCN.json; sourceTree = "<group>"; };
		B718B1DC2858BBFC006D0DB4 /* chapterFourCN.json */ = {isa = PBXFileReference; lastKnownFileType = text.json; path = chapterFourCN.json; sourceTree = "<group>"; };
		B718B1DE2858C121006D0DB4 /* chapterFiveCN.json */ = {isa = PBXFileReference; lastKnownFileType = text.json; path = chapterFiveCN.json; sourceTree = "<group>"; };
		B718B1E02858C596006D0DB4 /* chapterSixBCN.json */ = {isa = PBXFileReference; lastKnownFileType = text.json; path = chapterSixBCN.json; sourceTree = "<group>"; };
		B73777DD2858CA1F00BC049F /* chapterSixCCN.json */ = {isa = PBXFileReference; lastKnownFileType = text.json; path = chapterSixCCN.json; sourceTree = "<group>"; };
		B73777E02858D2F400BC049F /* NotoSerifSC-Regular.otf */ = {isa = PBXFileReference; lastKnownFileType = file; path = "NotoSerifSC-Regular.otf"; sourceTree = "<group>"; };
		B73777E12858D2F400BC049F /* NotoSerifSC-SemiBold.otf */ = {isa = PBXFileReference; lastKnownFileType = file; path = "NotoSerifSC-SemiBold.otf"; sourceTree = "<group>"; };
		B73777E22858D2F400BC049F /* NotoSerifSC-Black.otf */ = {isa = PBXFileReference; lastKnownFileType = file; path = "NotoSerifSC-Black.otf"; sourceTree = "<group>"; };
		B73777E32858D2F500BC049F /* NotoSerifSC-Medium.otf */ = {isa = PBXFileReference; lastKnownFileType = file; path = "NotoSerifSC-Medium.otf"; sourceTree = "<group>"; };
		B73777E42858D2F500BC049F /* NotoSerifSC-Bold.otf */ = {isa = PBXFileReference; lastKnownFileType = file; path = "NotoSerifSC-Bold.otf"; sourceTree = "<group>"; };
		B73777E52858D2F500BC049F /* NotoSerifSC-ExtraLight.otf */ = {isa = PBXFileReference; lastKnownFileType = file; path = "NotoSerifSC-ExtraLight.otf"; sourceTree = "<group>"; };
		B73777E62858D2F500BC049F /* NotoSerifSC-Light.otf */ = {isa = PBXFileReference; lastKnownFileType = file; path = "NotoSerifSC-Light.otf"; sourceTree = "<group>"; };
		B73777EE2859A2BE00BC049F /* String.swift */ = {isa = PBXFileReference; lastKnownFileType = sourcecode.swift; path = String.swift; sourceTree = "<group>"; };
		B73777F02859A8A600BC049F /* LocalizeManager.swift */ = {isa = PBXFileReference; lastKnownFileType = sourcecode.swift; path = LocalizeManager.swift; sourceTree = "<group>"; };
		B73777F52859AAC200BC049F /* en */ = {isa = PBXFileReference; lastKnownFileType = text.plist.strings; name = en; path = en.lproj/Localizable.strings; sourceTree = "<group>"; };
		B73777F72859AACC00BC049F /* ko */ = {isa = PBXFileReference; lastKnownFileType = text.plist.strings; name = ko; path = ko.lproj/Localizable.strings; sourceTree = "<group>"; };
		B73777F82859AAD100BC049F /* zh-Hans */ = {isa = PBXFileReference; lastKnownFileType = text.plist.strings; name = "zh-Hans"; path = "zh-Hans.lproj/Localizable.strings"; sourceTree = "<group>"; };
		B73777F92859AAD700BC049F /* ja */ = {isa = PBXFileReference; lastKnownFileType = text.plist.strings; name = ja; path = ja.lproj/Localizable.strings; sourceTree = "<group>"; };
		B7690EE12851C613008E81AC /* StartView.swift */ = {isa = PBXFileReference; lastKnownFileType = sourcecode.swift; path = StartView.swift; sourceTree = "<group>"; };
		B7690EE52851D153008E81AC /* Inter-SemiBold.ttf */ = {isa = PBXFileReference; lastKnownFileType = file; path = "Inter-SemiBold.ttf"; sourceTree = "<group>"; };
		B7690EE72851DB5D008E81AC /* HistoryView.swift */ = {isa = PBXFileReference; lastKnownFileType = sourcecode.swift; path = HistoryView.swift; sourceTree = "<group>"; };
		B7690F14285322E2008E81AC /* Color.swift */ = {isa = PBXFileReference; lastKnownFileType = sourcecode.swift; path = Color.swift; sourceTree = "<group>"; };
		B7690F16285325CA008E81AC /* NuosuSIL-Regular.ttf */ = {isa = PBXFileReference; lastKnownFileType = file; path = "NuosuSIL-Regular.ttf"; sourceTree = "<group>"; };
		B7690F1828548932008E81AC /* InitView.swift */ = {isa = PBXFileReference; lastKnownFileType = sourcecode.swift; path = InitView.swift; sourceTree = "<group>"; };
		B7690F1A28548C0F008E81AC /* BridgeView.swift */ = {isa = PBXFileReference; lastKnownFileType = sourcecode.swift; path = BridgeView.swift; sourceTree = "<group>"; };
		B7FD7D652855C347006A509E /* JsonManager.swift */ = {isa = PBXFileReference; lastKnownFileType = sourcecode.swift; path = JsonManager.swift; sourceTree = "<group>"; };
		B7FD7D672855C79B006A509E /* PastPara.json */ = {isa = PBXFileReference; lastKnownFileType = text.json; path = PastPara.json; sourceTree = "<group>"; };
		C613C435283E112300BCFC82 /* Info.plist */ = {isa = PBXFileReference; lastKnownFileType = text.plist; path = Info.plist; sourceTree = "<group>"; };
		C613C436283E12A400BCFC82 /* NotoSerifKR-Black.otf */ = {isa = PBXFileReference; lastKnownFileType = file; path = "NotoSerifKR-Black.otf"; sourceTree = "<group>"; };
		C613C437283E12A400BCFC82 /* NotoSerifKR-Regular.otf */ = {isa = PBXFileReference; lastKnownFileType = file; path = "NotoSerifKR-Regular.otf"; sourceTree = "<group>"; };
		C613C438283E12A400BCFC82 /* NotoSerifKR-Medium.otf */ = {isa = PBXFileReference; lastKnownFileType = file; path = "NotoSerifKR-Medium.otf"; sourceTree = "<group>"; };
		C613C439283E12A400BCFC82 /* NotoSerifKR-Light.otf */ = {isa = PBXFileReference; lastKnownFileType = file; path = "NotoSerifKR-Light.otf"; sourceTree = "<group>"; };
		C613C43A283E12A400BCFC82 /* NotoSerifKR-Bold.otf */ = {isa = PBXFileReference; lastKnownFileType = file; path = "NotoSerifKR-Bold.otf"; sourceTree = "<group>"; };
		C613C43B283E12A400BCFC82 /* NotoSerifKR-SemiBold.otf */ = {isa = PBXFileReference; lastKnownFileType = file; path = "NotoSerifKR-SemiBold.otf"; sourceTree = "<group>"; };
		C613C43C283E12A400BCFC82 /* NotoSerifKR-ExtraLight.otf */ = {isa = PBXFileReference; lastKnownFileType = file; path = "NotoSerifKR-ExtraLight.otf"; sourceTree = "<group>"; };
		C66C56E12845E2A200BDC0CC /* FadeInView.swift */ = {isa = PBXFileReference; lastKnownFileType = sourcecode.swift; path = FadeInView.swift; sourceTree = "<group>"; };
		C6AE29522855CDB200E9F39F /* ButtonFadeInView.swift */ = {isa = PBXFileReference; lastKnownFileType = sourcecode.swift; path = ButtonFadeInView.swift; sourceTree = "<group>"; };
		C6AE2956285705CA00E9F39F /* chapterTwoKR.json */ = {isa = PBXFileReference; lastKnownFileType = text.json; path = chapterTwoKR.json; sourceTree = "<group>"; };
		C6AE999A28587A1500FF8BD0 /* OnBoardingView.swift */ = {isa = PBXFileReference; lastKnownFileType = sourcecode.swift; path = OnBoardingView.swift; sourceTree = "<group>"; };
		C6AE999C28587AC700FF8BD0 /* OnBoardingPageView.swift */ = {isa = PBXFileReference; lastKnownFileType = sourcecode.swift; path = OnBoardingPageView.swift; sourceTree = "<group>"; };
		C6AE999E2858858200FF8BD0 /* OnBoardingLastPageView.swift */ = {isa = PBXFileReference; lastKnownFileType = sourcecode.swift; path = OnBoardingLastPageView.swift; sourceTree = "<group>"; };
		C6E19456284A58EA00EC9131 /* HalfASheet.swift */ = {isa = PBXFileReference; lastKnownFileType = sourcecode.swift; path = HalfASheet.swift; sourceTree = "<group>"; };
		C6E19458284A58EF00EC9131 /* HalfASheet+Modifiers.swift */ = {isa = PBXFileReference; lastKnownFileType = sourcecode.swift; path = "HalfASheet+Modifiers.swift"; sourceTree = "<group>"; };
		C6E19459284A58EF00EC9131 /* VerticalSlideTransition.swift */ = {isa = PBXFileReference; lastKnownFileType = sourcecode.swift; path = VerticalSlideTransition.swift; sourceTree = "<group>"; };
		C6E1B9A4283B772E00EEC6F1 /* MC2-Team1.app */ = {isa = PBXFileReference; explicitFileType = wrapper.application; includeInIndex = 0; path = "MC2-Team1.app"; sourceTree = BUILT_PRODUCTS_DIR; };
		C6E1B9A7283B772E00EEC6F1 /* MC2_Team1App.swift */ = {isa = PBXFileReference; lastKnownFileType = sourcecode.swift; path = MC2_Team1App.swift; sourceTree = "<group>"; };
		C6E1B9A9283B772E00EEC6F1 /* ContentView.swift */ = {isa = PBXFileReference; lastKnownFileType = sourcecode.swift; path = ContentView.swift; sourceTree = "<group>"; };
		C6E1B9AB283B772E00EEC6F1 /* Assets.xcassets */ = {isa = PBXFileReference; lastKnownFileType = folder.assetcatalog; path = Assets.xcassets; sourceTree = "<group>"; };
		C6E1B9AE283B772E00EEC6F1 /* Preview Assets.xcassets */ = {isa = PBXFileReference; lastKnownFileType = folder.assetcatalog; path = "Preview Assets.xcassets"; sourceTree = "<group>"; };
		C6E1B9B7283B778800EEC6F1 /* Paragraph.swift */ = {isa = PBXFileReference; lastKnownFileType = sourcecode.swift; path = Paragraph.swift; sourceTree = "<group>"; };
		C6E1B9B9283B77C100EEC6F1 /* chapterOneKR.json */ = {isa = PBXFileReference; lastKnownFileType = text.json; path = chapterOneKR.json; sourceTree = "<group>"; };
		C6E1B9BB283B782700EEC6F1 /* ModelData.swift */ = {isa = PBXFileReference; lastKnownFileType = sourcecode.swift; path = ModelData.swift; sourceTree = "<group>"; };
		D4EE46AF285465AE00C608DA /* PullLeverGameView.swift */ = {isa = PBXFileReference; fileEncoding = 4; lastKnownFileType = sourcecode.swift; name = PullLeverGameView.swift; path = "MC2-Team1/PullLeverGameView.swift"; sourceTree = SOURCE_ROOT; };
		D4EE46B72855DE7800C608DA /* NanumMyeongjoBold.ttf */ = {isa = PBXFileReference; lastKnownFileType = file; path = NanumMyeongjoBold.ttf; sourceTree = "<group>"; };
		D4EE46B82855DE7800C608DA /* NanumMyeongjoExtraBold.ttf */ = {isa = PBXFileReference; lastKnownFileType = file; path = NanumMyeongjoExtraBold.ttf; sourceTree = "<group>"; };
		D4EE46B92855DE7800C608DA /* NanumMyeongjo.ttf */ = {isa = PBXFileReference; lastKnownFileType = file; path = NanumMyeongjo.ttf; sourceTree = "<group>"; };
		D4EE46C12857107400C608DA /* chapterFourKR.json */ = {isa = PBXFileReference; lastKnownFileType = text.json; path = chapterFourKR.json; sourceTree = "<group>"; };
/* End PBXFileReference section */

/* Begin PBXFrameworksBuildPhase section */
		C6E1B9A1283B772E00EEC6F1 /* Frameworks */ = {
			isa = PBXFrameworksBuildPhase;
			buildActionMask = 2147483647;
			files = (
				058249AF2854DECF00EC0832 /* Lottie in Frameworks */,
			);
			runOnlyForDeploymentPostprocessing = 0;
		};
/* End PBXFrameworksBuildPhase section */

/* Begin PBXGroup section */
		37D9E2B0285378B2005BB908 /* Views */ = {
			isa = PBXGroup;
			children = (
				C6AE99A628589F1A00FF8BD0 /* OnBoarding */,
				C6E1B9A9283B772E00EEC6F1 /* ContentView.swift */,
				3AA9DFD32851CADD00365420 /* GlassAnimationView.swift */,
				D4EE46AF285465AE00C608DA /* PullLeverGameView.swift */,
				C66C56E12845E2A200BDC0CC /* FadeInView.swift */,
				C6AE29522855CDB200E9F39F /* ButtonFadeInView.swift */,
				B7690EE12851C613008E81AC /* StartView.swift */,
				37D9E2AD2851CA31005BB908 /* DotView.swift */,
				B7690EE72851DB5D008E81AC /* HistoryView.swift */,
				B7690F1828548932008E81AC /* InitView.swift */,
				B7690F1A28548C0F008E81AC /* BridgeView.swift */,
				058249A92854DE7300EC0832 /* BoxOpenView.swift */,
			);
			path = Views;
			sourceTree = "<group>";
		};
		B73777DF2858D2E700BC049F /* CN */ = {
			isa = PBXGroup;
			children = (
				B73777E22858D2F400BC049F /* NotoSerifSC-Black.otf */,
				B73777E42858D2F500BC049F /* NotoSerifSC-Bold.otf */,
				B73777E52858D2F500BC049F /* NotoSerifSC-ExtraLight.otf */,
				B73777E62858D2F500BC049F /* NotoSerifSC-Light.otf */,
				B73777E32858D2F500BC049F /* NotoSerifSC-Medium.otf */,
				B73777E02858D2F400BC049F /* NotoSerifSC-Regular.otf */,
				B73777E12858D2F400BC049F /* NotoSerifSC-SemiBold.otf */,
			);
			path = CN;
			sourceTree = "<group>";
		};
		B7690F12285322CE008E81AC /* Helpers */ = {
			isa = PBXGroup;
			children = (
				3AA9DFEA2851DCEC00365420 /* HapticManager.swift */,
				B7FD7D652855C347006A509E /* JsonManager.swift */,
				3AA9DFEF28532FE300365420 /* Constants.swift */,
				B73777F02859A8A600BC049F /* LocalizeManager.swift */,
				B7690F13285322D5008E81AC /* Extensions */,
			);
			path = Helpers;
			sourceTree = "<group>";
		};
		B7690F13285322D5008E81AC /* Extensions */ = {
			isa = PBXGroup;
			children = (
				B7690F14285322E2008E81AC /* Color.swift */,
				B73777EE2859A2BE00BC049F /* String.swift */,
			);
			path = Extensions;
			sourceTree = "<group>";
		};
		C613C434283E108A00BCFC82 /* fonts */ = {
			isa = PBXGroup;
			children = (
				B73777DF2858D2E700BC049F /* CN */,
				D4EE46B92855DE7800C608DA /* NanumMyeongjo.ttf */,
				D4EE46B72855DE7800C608DA /* NanumMyeongjoBold.ttf */,
				D4EE46B82855DE7800C608DA /* NanumMyeongjoExtraBold.ttf */,
				B7690F16285325CA008E81AC /* NuosuSIL-Regular.ttf */,
				B7690EE52851D153008E81AC /* Inter-SemiBold.ttf */,
				C613C436283E12A400BCFC82 /* NotoSerifKR-Black.otf */,
				C613C43A283E12A400BCFC82 /* NotoSerifKR-Bold.otf */,
				C613C43C283E12A400BCFC82 /* NotoSerifKR-ExtraLight.otf */,
				C613C439283E12A400BCFC82 /* NotoSerifKR-Light.otf */,
				C613C438283E12A400BCFC82 /* NotoSerifKR-Medium.otf */,
				C613C437283E12A400BCFC82 /* NotoSerifKR-Regular.otf */,
				C613C43B283E12A400BCFC82 /* NotoSerifKR-SemiBold.otf */,
			);
			path = fonts;
			sourceTree = "<group>";
		};
		C66C56DE2844A71900BDC0CC /* Frameworks */ = {
			isa = PBXGroup;
			children = (
			);
			name = Frameworks;
			sourceTree = "<group>";
		};
		C6AE99A628589F1A00FF8BD0 /* OnBoarding */ = {
			isa = PBXGroup;
			children = (
				C6AE999A28587A1500FF8BD0 /* OnBoardingView.swift */,
				C6AE999C28587AC700FF8BD0 /* OnBoardingPageView.swift */,
				C6AE999E2858858200FF8BD0 /* OnBoardingLastPageView.swift */,
			);
			path = OnBoarding;
			sourceTree = "<group>";
		};
		C6E1945E284A590200EC9131 /* HalfASheet */ = {
			isa = PBXGroup;
			children = (
				C6E19456284A58EA00EC9131 /* HalfASheet.swift */,
				C6E19458284A58EF00EC9131 /* HalfASheet+Modifiers.swift */,
				C6E19459284A58EF00EC9131 /* VerticalSlideTransition.swift */,
			);
			path = HalfASheet;
			sourceTree = "<group>";
		};
		C6E1B99B283B772E00EEC6F1 = {
			isa = PBXGroup;
			children = (
				C6E1B9A6283B772E00EEC6F1 /* MC2-Team1 */,
				C6E1B9A5283B772E00EEC6F1 /* Products */,
				C66C56DE2844A71900BDC0CC /* Frameworks */,
			);
			sourceTree = "<group>";
		};
		C6E1B9A5283B772E00EEC6F1 /* Products */ = {
			isa = PBXGroup;
			children = (
				C6E1B9A4283B772E00EEC6F1 /* MC2-Team1.app */,
			);
			name = Products;
			sourceTree = "<group>";
		};
		C6E1B9A6283B772E00EEC6F1 /* MC2-Team1 */ = {
			isa = PBXGroup;
			children = (
				C6E1B9AB283B772E00EEC6F1 /* Assets.xcassets */,
				C6E1945E284A590200EC9131 /* HalfASheet */,
				B7690F12285322CE008E81AC /* Helpers */,
				C613C435283E112300BCFC82 /* Info.plist */,
				C6E1B9A7283B772E00EEC6F1 /* MC2_Team1App.swift */,
				C6E1B9B5283B776600EEC6F1 /* Models */,
				C6E1B9AD283B772E00EEC6F1 /* Preview Content */,
				C6E1B9B6283B776A00EEC6F1 /* Resources */,
				37D9E2B0285378B2005BB908 /* Views */,
			);
			path = "MC2-Team1";
			sourceTree = "<group>";
		};
		C6E1B9AD283B772E00EEC6F1 /* Preview Content */ = {
			isa = PBXGroup;
			children = (
				C6E1B9AE283B772E00EEC6F1 /* Preview Assets.xcassets */,
			);
			path = "Preview Content";
			sourceTree = "<group>";
		};
		C6E1B9B5283B776600EEC6F1 /* Models */ = {
			isa = PBXGroup;
			children = (
				C6E1B9BB283B782700EEC6F1 /* ModelData.swift */,
				C6E1B9B7283B778800EEC6F1 /* Paragraph.swift */,
			);
			path = Models;
			sourceTree = "<group>";
		};
		C6E1B9B6283B776A00EEC6F1 /* Resources */ = {
			isa = PBXGroup;
			children = (
				058249AB2854DE9800EC0832 /* openBox.json */,
				C6E1B9B9283B77C100EEC6F1 /* chapterOneKR.json */,
				C6AE2956285705CA00E9F39F /* chapterTwoKR.json */,
				37D9E2B728570CBC005BB908 /* chapterThreeKR.json */,
				D4EE46C12857107400C608DA /* chapterFourKR.json */,
				11139EBA28570D5B00EF6FD1 /* chapterFiveKR.json */,
				05FB2E0E285710360089359B /* chapterSixBKR.json */,
				B70C7352285705A6009F8D61 /* chapterSixCKR.json */,
				11F4C4002859A509002CE9F4 /* chapterFiveEng.json */,
				11F4C40A2859A532002CE9F4 /* chapterSixCEng.json */,
				11F4C4082859A532002CE9F4 /* chapterThreeEng.json */,
				11F4C4092859A532002CE9F4 /* chapterTwoEng.json */,
				11F4C4052859A520002CE9F4 /* chapterOneEng.json */,
				11F4C4042859A520002CE9F4 /* chapterSixBEng.json */,
				11F4C4012859A509002CE9F4 /* chapterFourEng.json */,
				C613C434283E108A00BCFC82 /* fonts */,
				B7FD7D672855C79B006A509E /* PastPara.json */,
				B718B1D428587926006D0DB4 /* chapterOneCN.json */,
				B718B1D82858AF00006D0DB4 /* chapterTwoCN.json */,
				B718B1DA2858B5CF006D0DB4 /* chapterThreeCN.json */,
				B718B1DC2858BBFC006D0DB4 /* chapterFourCN.json */,
				B718B1DE2858C121006D0DB4 /* chapterFiveCN.json */,
				B718B1E02858C596006D0DB4 /* chapterSixBCN.json */,
				B73777DD2858CA1F00BC049F /* chapterSixCCN.json */,
				3A3A900128587A3100375C7D /* chapterOneJP.json */,
				3A3C86E128589A6100F0F8DE /* chapterTwoJP.json */,
				3A3C86E328589E0B00F0F8DE /* chapterThreeJP.json */,
				3A3C86E52858B69100F0F8DE /* chapterFourJP.json */,
				3A3C86E72858C1C500F0F8DE /* chapterFiveJP.json */,
				3A3C86E92858D12C00F0F8DE /* chapterSixBJP.json */,
				3A3C86EB2858E1F400F0F8DE /* chapterSixCJP.json */,
				B73777F62859AAC200BC049F /* Localizable.strings */,
			);
			path = Resources;
			sourceTree = "<group>";
		};
/* End PBXGroup section */

/* Begin PBXNativeTarget section */
		C6E1B9A3283B772E00EEC6F1 /* MC2-Team1 */ = {
			isa = PBXNativeTarget;
			buildConfigurationList = C6E1B9B2283B772E00EEC6F1 /* Build configuration list for PBXNativeTarget "MC2-Team1" */;
			buildPhases = (
				C6E1B9A0283B772E00EEC6F1 /* Sources */,
				C6E1B9A1283B772E00EEC6F1 /* Frameworks */,
				C6E1B9A2283B772E00EEC6F1 /* Resources */,
			);
			buildRules = (
			);
			dependencies = (
			);
			name = "MC2-Team1";
			packageProductDependencies = (
				058249AE2854DECF00EC0832 /* Lottie */,
			);
			productName = "MC2-Team1";
			productReference = C6E1B9A4283B772E00EEC6F1 /* MC2-Team1.app */;
			productType = "com.apple.product-type.application";
		};
/* End PBXNativeTarget section */

/* Begin PBXProject section */
		C6E1B99C283B772E00EEC6F1 /* Project object */ = {
			isa = PBXProject;
			attributes = {
				BuildIndependentTargetsInParallel = 1;
				LastSwiftUpdateCheck = 1340;
				LastUpgradeCheck = 1340;
				TargetAttributes = {
					C6E1B9A3283B772E00EEC6F1 = {
						CreatedOnToolsVersion = 13.4;
					};
				};
			};
			buildConfigurationList = C6E1B99F283B772E00EEC6F1 /* Build configuration list for PBXProject "MC2-Team1" */;
			compatibilityVersion = "Xcode 13.0";
			developmentRegion = en;
			hasScannedForEncodings = 0;
			knownRegions = (
				en,
				Base,
				ko,
				"zh-Hans",
				ja,
			);
			mainGroup = C6E1B99B283B772E00EEC6F1;
			packageReferences = (
				058249AD2854DECF00EC0832 /* XCRemoteSwiftPackageReference "lottie-ios" */,
			);
			productRefGroup = C6E1B9A5283B772E00EEC6F1 /* Products */;
			projectDirPath = "";
			projectRoot = "";
			targets = (
				C6E1B9A3283B772E00EEC6F1 /* MC2-Team1 */,
			);
		};
/* End PBXProject section */

/* Begin PBXResourcesBuildPhase section */
		C6E1B9A2283B772E00EEC6F1 /* Resources */ = {
			isa = PBXResourcesBuildPhase;
			buildActionMask = 2147483647;
			files = (
				11F4C4062859A520002CE9F4 /* chapterSixBEng.json in Resources */,
				11F4C40D2859A532002CE9F4 /* chapterSixCEng.json in Resources */,
				11F4C40B2859A532002CE9F4 /* chapterThreeEng.json in Resources */,
				11F4C40C2859A532002CE9F4 /* chapterTwoEng.json in Resources */,
				D4EE46BC2855DE7800C608DA /* NanumMyeongjo.ttf in Resources */,
				C613C43D283E14AC00BCFC82 /* NotoSerifKR-Black.otf in Resources */,
				B718B1E12858C596006D0DB4 /* chapterSixBCN.json in Resources */,
				B73777ED2858D2F500BC049F /* NotoSerifSC-Light.otf in Resources */,
				B7690F17285325CA008E81AC /* NuosuSIL-Regular.ttf in Resources */,
				B70C7353285705A6009F8D61 /* chapterSixCKR.json in Resources */,
				D4EE46BB2855DE7800C608DA /* NanumMyeongjoExtraBold.ttf in Resources */,
				3A3C86EC2858E1F400F0F8DE /* chapterSixCJP.json in Resources */,
				C613C43E283E14AC00BCFC82 /* NotoSerifKR-Bold.otf in Resources */,
				B718B1D528587927006D0DB4 /* chapterOneCN.json in Resources */,
				B73777F42859AAC200BC049F /* Localizable.strings in Resources */,
				11139EBB28570D5B00EF6FD1 /* chapterFiveKR.json in Resources */,
				C613C43F283E14AC00BCFC82 /* NotoSerifKR-ExtraLight.otf in Resources */,
				B7690EE62851D157008E81AC /* Inter-SemiBold.ttf in Resources */,
				B718B1D92858AF00006D0DB4 /* chapterTwoCN.json in Resources */,
				B73777E92858D2F500BC049F /* NotoSerifSC-Black.otf in Resources */,
				B73777EC2858D2F500BC049F /* NotoSerifSC-ExtraLight.otf in Resources */,
				B73777E72858D2F500BC049F /* NotoSerifSC-Regular.otf in Resources */,
				3A3C86E228589A6100F0F8DE /* chapterTwoJP.json in Resources */,
				11139EBB28570D5B00EF6FD1 /* chapterFiveKR.json in Resources */,
				C613C43F283E14AC00BCFC82 /* NotoSerifKR-ExtraLight.otf in Resources */,
				B7690EE62851D157008E81AC /* Inter-SemiBold.ttf in Resources */,
				3A3C86E82858C1C500F0F8DE /* chapterFiveJP.json in Resources */,
				113EA7B72859CD7B00D28BD7 /* chapterSixBKR.json in Resources */,
				3A3C86EA2858D12C00F0F8DE /* chapterSixBJP.json in Resources */,
				B7FD7D682855C79B006A509E /* PastPara.json in Resources */,
				3A3C86E428589E0F00F0F8DE /* chapterThreeJP.json in Resources */,
				C613C440283E14AC00BCFC82 /* NotoSerifKR-Light.otf in Resources */,
				37D9E2B828570CBC005BB908 /* chapterThreeKR.json in Resources */,
				C613C441283E14AC00BCFC82 /* NotoSerifKR-Medium.otf in Resources */,
				C6AE2957285705CA00E9F39F /* chapterTwoKR.json in Resources */,
				11F4C4072859A520002CE9F4 /* chapterOneEng.json in Resources */,
				11F4C4032859A509002CE9F4 /* chapterFourEng.json in Resources */,
				C613C441283E14AC00BCFC82 /* NotoSerifKR-Medium.otf in Resources */,
				11F4C4022859A509002CE9F4 /* chapterFiveEng.json in Resources */,
				C613C442283E14AC00BCFC82 /* NotoSerifKR-Regular.otf in Resources */,
				B73777EA2858D2F500BC049F /* NotoSerifSC-Medium.otf in Resources */,
				B73777DE2858CA1F00BC049F /* chapterSixCCN.json in Resources */,
				05FB2E0F285710360089359B /* chapterSixBKR.json in Resources */,
				B718B1DD2858BBFC006D0DB4 /* chapterFourCN.json in Resources */,
				3A3C86E62858B69100F0F8DE /* chapterFourJP.json in Resources */,
				05FB2E0F285710360089359B /* chapterSixBKR.json in Resources */,
				3A3A900228587A3100375C7D /* chapterOneJP.json in Resources */,
				058249AC2854DE9800EC0832 /* openBox.json in Resources */,
				C613C443283E14AC00BCFC82 /* NotoSerifKR-SemiBold.otf in Resources */,
				C6E1B9BA283B77C100EEC6F1 /* chapterOneKR.json in Resources */,
				C6E1B9AF283B772E00EEC6F1 /* Preview Assets.xcassets in Resources */,
				B73777E82858D2F500BC049F /* NotoSerifSC-SemiBold.otf in Resources */,
				B73777EB2858D2F500BC049F /* NotoSerifSC-Bold.otf in Resources */,
				D4EE46BA2855DE7800C608DA /* NanumMyeongjoBold.ttf in Resources */,
				B718B1DF2858C121006D0DB4 /* chapterFiveCN.json in Resources */,
				C6E1B9AC283B772E00EEC6F1 /* Assets.xcassets in Resources */,
				B718B1DB2858B5CF006D0DB4 /* chapterThreeCN.json in Resources */,
				D4EE46C22857107400C608DA /* chapterFourKR.json in Resources */,
			);
			runOnlyForDeploymentPostprocessing = 0;
		};
/* End PBXResourcesBuildPhase section */

/* Begin PBXSourcesBuildPhase section */
		C6E1B9A0283B772E00EEC6F1 /* Sources */ = {
			isa = PBXSourcesBuildPhase;
			buildActionMask = 2147483647;
			files = (
				3AA9DFEB2851DCEC00365420 /* HapticManager.swift in Sources */,
				3AA9DFF028532FE300365420 /* Constants.swift in Sources */,
				D4EE46B0285465AE00C608DA /* PullLeverGameView.swift in Sources */,
				C6E1B9B8283B778800EEC6F1 /* Paragraph.swift in Sources */,
				3AA9DFD42851CADD00365420 /* GlassAnimationView.swift in Sources */,
				C6AE999B28587A1500FF8BD0 /* OnBoardingView.swift in Sources */,
				B7690EE22851C613008E81AC /* StartView.swift in Sources */,
				37D9E2AE2851CA31005BB908 /* DotView.swift in Sources */,
				C6E1B9BC283B782700EEC6F1 /* ModelData.swift in Sources */,
				B7690EE82851DB5D008E81AC /* HistoryView.swift in Sources */,
				B7FD7D662855C347006A509E /* JsonManager.swift in Sources */,
				B7690F15285322E2008E81AC /* Color.swift in Sources */,
				C6E19457284A58EA00EC9131 /* HalfASheet.swift in Sources */,
				B73777EF2859A2BE00BC049F /* String.swift in Sources */,
				C6E1945D284A58EF00EC9131 /* VerticalSlideTransition.swift in Sources */,
				B7690F1B28548C0F008E81AC /* BridgeView.swift in Sources */,
				B73777F12859A8A600BC049F /* LocalizeManager.swift in Sources */,
				058249AA2854DE7300EC0832 /* BoxOpenView.swift in Sources */,
				C66C56E22845E2A200BDC0CC /* FadeInView.swift in Sources */,
				C6AE29532855CDB200E9F39F /* ButtonFadeInView.swift in Sources */,
				C6AE999D28587AC700FF8BD0 /* OnBoardingPageView.swift in Sources */,
				B7690F1928548932008E81AC /* InitView.swift in Sources */,
				C6E1B9AA283B772E00EEC6F1 /* ContentView.swift in Sources */,
				C6E1B9A8283B772E00EEC6F1 /* MC2_Team1App.swift in Sources */,
				C6AE999F2858858200FF8BD0 /* OnBoardingLastPageView.swift in Sources */,
				C6E1945B284A58EF00EC9131 /* HalfASheet+Modifiers.swift in Sources */,
			);
			runOnlyForDeploymentPostprocessing = 0;
		};
/* End PBXSourcesBuildPhase section */

/* Begin PBXVariantGroup section */
		B73777F62859AAC200BC049F /* Localizable.strings */ = {
			isa = PBXVariantGroup;
			children = (
				B73777F52859AAC200BC049F /* en */,
				B73777F72859AACC00BC049F /* ko */,
				B73777F82859AAD100BC049F /* zh-Hans */,
				B73777F92859AAD700BC049F /* ja */,
			);
			name = Localizable.strings;
			sourceTree = "<group>";
		};
/* End PBXVariantGroup section */

/* Begin XCBuildConfiguration section */
		C6E1B9B0283B772E00EEC6F1 /* Debug */ = {
			isa = XCBuildConfiguration;
			buildSettings = {
				ALWAYS_SEARCH_USER_PATHS = NO;
				CLANG_ANALYZER_LOCALIZABILITY_NONLOCALIZED = YES;
				CLANG_ANALYZER_NONNULL = YES;
				CLANG_ANALYZER_NUMBER_OBJECT_CONVERSION = YES_AGGRESSIVE;
				CLANG_CXX_LANGUAGE_STANDARD = "gnu++17";
				CLANG_ENABLE_MODULES = YES;
				CLANG_ENABLE_OBJC_ARC = YES;
				CLANG_ENABLE_OBJC_WEAK = YES;
				CLANG_WARN_BLOCK_CAPTURE_AUTORELEASING = YES;
				CLANG_WARN_BOOL_CONVERSION = YES;
				CLANG_WARN_COMMA = YES;
				CLANG_WARN_CONSTANT_CONVERSION = YES;
				CLANG_WARN_DEPRECATED_OBJC_IMPLEMENTATIONS = YES;
				CLANG_WARN_DIRECT_OBJC_ISA_USAGE = YES_ERROR;
				CLANG_WARN_DOCUMENTATION_COMMENTS = YES;
				CLANG_WARN_EMPTY_BODY = YES;
				CLANG_WARN_ENUM_CONVERSION = YES;
				CLANG_WARN_INFINITE_RECURSION = YES;
				CLANG_WARN_INT_CONVERSION = YES;
				CLANG_WARN_NON_LITERAL_NULL_CONVERSION = YES;
				CLANG_WARN_OBJC_IMPLICIT_RETAIN_SELF = YES;
				CLANG_WARN_OBJC_LITERAL_CONVERSION = YES;
				CLANG_WARN_OBJC_ROOT_CLASS = YES_ERROR;
				CLANG_WARN_QUOTED_INCLUDE_IN_FRAMEWORK_HEADER = YES;
				CLANG_WARN_RANGE_LOOP_ANALYSIS = YES;
				CLANG_WARN_STRICT_PROTOTYPES = YES;
				CLANG_WARN_SUSPICIOUS_MOVE = YES;
				CLANG_WARN_UNGUARDED_AVAILABILITY = YES_AGGRESSIVE;
				CLANG_WARN_UNREACHABLE_CODE = YES;
				CLANG_WARN__DUPLICATE_METHOD_MATCH = YES;
				COPY_PHASE_STRIP = NO;
				DEBUG_INFORMATION_FORMAT = dwarf;
				ENABLE_STRICT_OBJC_MSGSEND = YES;
				ENABLE_TESTABILITY = YES;
				GCC_C_LANGUAGE_STANDARD = gnu11;
				GCC_DYNAMIC_NO_PIC = NO;
				GCC_NO_COMMON_BLOCKS = YES;
				GCC_OPTIMIZATION_LEVEL = 0;
				GCC_PREPROCESSOR_DEFINITIONS = (
					"DEBUG=1",
					"$(inherited)",
				);
				GCC_WARN_64_TO_32_BIT_CONVERSION = YES;
				GCC_WARN_ABOUT_RETURN_TYPE = YES_ERROR;
				GCC_WARN_UNDECLARED_SELECTOR = YES;
				GCC_WARN_UNINITIALIZED_AUTOS = YES_AGGRESSIVE;
				GCC_WARN_UNUSED_FUNCTION = YES;
				GCC_WARN_UNUSED_VARIABLE = YES;
				IPHONEOS_DEPLOYMENT_TARGET = 15.0;
				MTL_ENABLE_DEBUG_INFO = INCLUDE_SOURCE;
				MTL_FAST_MATH = YES;
				ONLY_ACTIVE_ARCH = YES;
				SDKROOT = iphoneos;
				SWIFT_ACTIVE_COMPILATION_CONDITIONS = DEBUG;
				SWIFT_OPTIMIZATION_LEVEL = "-Onone";
			};
			name = Debug;
		};
		C6E1B9B1283B772E00EEC6F1 /* Release */ = {
			isa = XCBuildConfiguration;
			buildSettings = {
				ALWAYS_SEARCH_USER_PATHS = NO;
				CLANG_ANALYZER_LOCALIZABILITY_NONLOCALIZED = YES;
				CLANG_ANALYZER_NONNULL = YES;
				CLANG_ANALYZER_NUMBER_OBJECT_CONVERSION = YES_AGGRESSIVE;
				CLANG_CXX_LANGUAGE_STANDARD = "gnu++17";
				CLANG_ENABLE_MODULES = YES;
				CLANG_ENABLE_OBJC_ARC = YES;
				CLANG_ENABLE_OBJC_WEAK = YES;
				CLANG_WARN_BLOCK_CAPTURE_AUTORELEASING = YES;
				CLANG_WARN_BOOL_CONVERSION = YES;
				CLANG_WARN_COMMA = YES;
				CLANG_WARN_CONSTANT_CONVERSION = YES;
				CLANG_WARN_DEPRECATED_OBJC_IMPLEMENTATIONS = YES;
				CLANG_WARN_DIRECT_OBJC_ISA_USAGE = YES_ERROR;
				CLANG_WARN_DOCUMENTATION_COMMENTS = YES;
				CLANG_WARN_EMPTY_BODY = YES;
				CLANG_WARN_ENUM_CONVERSION = YES;
				CLANG_WARN_INFINITE_RECURSION = YES;
				CLANG_WARN_INT_CONVERSION = YES;
				CLANG_WARN_NON_LITERAL_NULL_CONVERSION = YES;
				CLANG_WARN_OBJC_IMPLICIT_RETAIN_SELF = YES;
				CLANG_WARN_OBJC_LITERAL_CONVERSION = YES;
				CLANG_WARN_OBJC_ROOT_CLASS = YES_ERROR;
				CLANG_WARN_QUOTED_INCLUDE_IN_FRAMEWORK_HEADER = YES;
				CLANG_WARN_RANGE_LOOP_ANALYSIS = YES;
				CLANG_WARN_STRICT_PROTOTYPES = YES;
				CLANG_WARN_SUSPICIOUS_MOVE = YES;
				CLANG_WARN_UNGUARDED_AVAILABILITY = YES_AGGRESSIVE;
				CLANG_WARN_UNREACHABLE_CODE = YES;
				CLANG_WARN__DUPLICATE_METHOD_MATCH = YES;
				COPY_PHASE_STRIP = NO;
				DEBUG_INFORMATION_FORMAT = "dwarf-with-dsym";
				ENABLE_NS_ASSERTIONS = NO;
				ENABLE_STRICT_OBJC_MSGSEND = YES;
				GCC_C_LANGUAGE_STANDARD = gnu11;
				GCC_NO_COMMON_BLOCKS = YES;
				GCC_WARN_64_TO_32_BIT_CONVERSION = YES;
				GCC_WARN_ABOUT_RETURN_TYPE = YES_ERROR;
				GCC_WARN_UNDECLARED_SELECTOR = YES;
				GCC_WARN_UNINITIALIZED_AUTOS = YES_AGGRESSIVE;
				GCC_WARN_UNUSED_FUNCTION = YES;
				GCC_WARN_UNUSED_VARIABLE = YES;
				IPHONEOS_DEPLOYMENT_TARGET = 15.0;
				MTL_ENABLE_DEBUG_INFO = NO;
				MTL_FAST_MATH = YES;
				SDKROOT = iphoneos;
				SWIFT_COMPILATION_MODE = wholemodule;
				SWIFT_OPTIMIZATION_LEVEL = "-O";
				VALIDATE_PRODUCT = YES;
			};
			name = Release;
		};
		C6E1B9B3283B772E00EEC6F1 /* Debug */ = {
			isa = XCBuildConfiguration;
			buildSettings = {
				ASSETCATALOG_COMPILER_APPICON_NAME = AppIcon;
				ASSETCATALOG_COMPILER_GLOBAL_ACCENT_COLOR_NAME = AccentColor;
				CODE_SIGN_STYLE = Automatic;
				CURRENT_PROJECT_VERSION = 1;
				DEVELOPMENT_ASSET_PATHS = "\"MC2-Team1/Preview Content\"";
				DEVELOPMENT_TEAM = "";
				ENABLE_PREVIEWS = YES;
				GENERATE_INFOPLIST_FILE = YES;
				INFOPLIST_FILE = "MC2-Team1/Info.plist";
				INFOPLIST_KEY_UIApplicationSceneManifest_Generation = YES;
				INFOPLIST_KEY_UIApplicationSupportsIndirectInputEvents = YES;
				INFOPLIST_KEY_UILaunchScreen_Generation = YES;
				INFOPLIST_KEY_UILaunchStoryboardName = "Launch Screen";
				INFOPLIST_KEY_UISupportedInterfaceOrientations = UIInterfaceOrientationPortrait;
				INFOPLIST_KEY_UISupportedInterfaceOrientations_iPad = "UIInterfaceOrientationPortrait UIInterfaceOrientationPortraitUpsideDown UIInterfaceOrientationLandscapeLeft UIInterfaceOrientationLandscapeRight";
				INFOPLIST_KEY_UISupportedInterfaceOrientations_iPhone = UIInterfaceOrientationPortrait;
				LD_RUNPATH_SEARCH_PATHS = (
					"$(inherited)",
					"@executable_path/Frameworks",
				);
				MARKETING_VERSION = 1.0;
				PRODUCT_BUNDLE_IDENTIFIER = "com.kim.MC2-Team1";
				PRODUCT_NAME = "$(TARGET_NAME)";
				SWIFT_EMIT_LOC_STRINGS = YES;
				SWIFT_VERSION = 5.0;
				TARGETED_DEVICE_FAMILY = 1;
			};
			name = Debug;
		};
		C6E1B9B4283B772E00EEC6F1 /* Release */ = {
			isa = XCBuildConfiguration;
			buildSettings = {
				ASSETCATALOG_COMPILER_APPICON_NAME = AppIcon;
				ASSETCATALOG_COMPILER_GLOBAL_ACCENT_COLOR_NAME = AccentColor;
				CODE_SIGN_STYLE = Automatic;
				CURRENT_PROJECT_VERSION = 1;
				DEVELOPMENT_ASSET_PATHS = "\"MC2-Team1/Preview Content\"";
				DEVELOPMENT_TEAM = "";
				ENABLE_PREVIEWS = YES;
				GENERATE_INFOPLIST_FILE = YES;
				INFOPLIST_FILE = "MC2-Team1/Info.plist";
				INFOPLIST_KEY_UIApplicationSceneManifest_Generation = YES;
				INFOPLIST_KEY_UIApplicationSupportsIndirectInputEvents = YES;
				INFOPLIST_KEY_UILaunchScreen_Generation = YES;
				INFOPLIST_KEY_UILaunchStoryboardName = "Launch Screen";
				INFOPLIST_KEY_UISupportedInterfaceOrientations = UIInterfaceOrientationPortrait;
				INFOPLIST_KEY_UISupportedInterfaceOrientations_iPad = "UIInterfaceOrientationPortrait UIInterfaceOrientationPortraitUpsideDown UIInterfaceOrientationLandscapeLeft UIInterfaceOrientationLandscapeRight";
				INFOPLIST_KEY_UISupportedInterfaceOrientations_iPhone = UIInterfaceOrientationPortrait;
				LD_RUNPATH_SEARCH_PATHS = (
					"$(inherited)",
					"@executable_path/Frameworks",
				);
				MARKETING_VERSION = 1.0;
				PRODUCT_BUNDLE_IDENTIFIER = "com.kim.MC2-Team1";
				PRODUCT_NAME = "$(TARGET_NAME)";
				SWIFT_EMIT_LOC_STRINGS = YES;
				SWIFT_VERSION = 5.0;
				TARGETED_DEVICE_FAMILY = 1;
			};
			name = Release;
		};
/* End XCBuildConfiguration section */

/* Begin XCConfigurationList section */
		C6E1B99F283B772E00EEC6F1 /* Build configuration list for PBXProject "MC2-Team1" */ = {
			isa = XCConfigurationList;
			buildConfigurations = (
				C6E1B9B0283B772E00EEC6F1 /* Debug */,
				C6E1B9B1283B772E00EEC6F1 /* Release */,
			);
			defaultConfigurationIsVisible = 0;
			defaultConfigurationName = Release;
		};
		C6E1B9B2283B772E00EEC6F1 /* Build configuration list for PBXNativeTarget "MC2-Team1" */ = {
			isa = XCConfigurationList;
			buildConfigurations = (
				C6E1B9B3283B772E00EEC6F1 /* Debug */,
				C6E1B9B4283B772E00EEC6F1 /* Release */,
			);
			defaultConfigurationIsVisible = 0;
			defaultConfigurationName = Release;
		};
/* End XCConfigurationList section */

/* Begin XCRemoteSwiftPackageReference section */
		058249AD2854DECF00EC0832 /* XCRemoteSwiftPackageReference "lottie-ios" */ = {
			isa = XCRemoteSwiftPackageReference;
			repositoryURL = "https://github.com/airbnb/lottie-ios.git";
			requirement = {
				branch = master;
				kind = branch;
			};
		};
/* End XCRemoteSwiftPackageReference section */

/* Begin XCSwiftPackageProductDependency section */
		058249AE2854DECF00EC0832 /* Lottie */ = {
			isa = XCSwiftPackageProductDependency;
			package = 058249AD2854DECF00EC0832 /* XCRemoteSwiftPackageReference "lottie-ios" */;
			productName = Lottie;
		};
/* End XCSwiftPackageProductDependency section */
	};
	rootObject = C6E1B99C283B772E00EEC6F1 /* Project object */;
}
